
Microsoft Visual Studio Solution File, Format Version 12.00
# Visual Studio Version 17
VisualStudioVersion = 17.2.32516.85
MinimumVisualStudioVersion = 10.0.40219.1
Project("{9A19103F-16F7-4668-BE54-9A1E7A4F7556}") = "MvcWebUI", "MvcWebUI\MvcWebUI.csproj", "{4157EC02-CB62-47AD-9006-93C14E6B17EB}"
EndProject
Project("{9A19103F-16F7-4668-BE54-9A1E7A4F7556}") = "AppCore", "AppCore\AppCore.csproj", "{4DC8AB1D-D1B2-4A3E-B84F-73B68CCFE202}"
EndProject
Project("{9A19103F-16F7-4668-BE54-9A1E7A4F7556}") = "DataAccess", "DataAccess\DataAccess.csproj", "{88395F48-97CB-4864-AC24-64F17D22EA0A}"
EndProject
Project("{FAE04EC0-301F-11D3-BF4B-00C04F79EFBC}") = "WebApi", "WebApi\WebApi.csproj", "{A48EBA34-E0EF-4F91-8D19-98F0C767CB79}"
EndProject
Global
	GlobalSection(SolutionConfigurationPlatforms) = preSolution
		Debug|Any CPU = Debug|Any CPU
		Release|Any CPU = Release|Any CPU
	EndGlobalSection
	GlobalSection(ProjectConfigurationPlatforms) = postSolution
		{4157EC02-CB62-47AD-9006-93C14E6B17EB}.Debug|Any CPU.ActiveCfg = Debug|Any CPU
		{4157EC02-CB62-47AD-9006-93C14E6B17EB}.Debug|Any CPU.Build.0 = Debug|Any CPU
		{4157EC02-CB62-47AD-9006-93C14E6B17EB}.Release|Any CPU.ActiveCfg = Release|Any CPU
		{4157EC02-CB62-47AD-9006-93C14E6B17EB}.Release|Any CPU.Build.0 = Release|Any CPU
		{4DC8AB1D-D1B2-4A3E-B84F-73B68CCFE202}.Debug|Any CPU.ActiveCfg = Debug|Any CPU
		{4DC8AB1D-D1B2-4A3E-B84F-73B68CCFE202}.Debug|Any CPU.Build.0 = Debug|Any CPU
		{4DC8AB1D-D1B2-4A3E-B84F-73B68CCFE202}.Release|Any CPU.ActiveCfg = Release|Any CPU
		{4DC8AB1D-D1B2-4A3E-B84F-73B68CCFE202}.Release|Any CPU.Build.0 = Release|Any CPU
		{88395F48-97CB-4864-AC24-64F17D22EA0A}.Debug|Any CPU.ActiveCfg = Debug|Any CPU
		{88395F48-97CB-4864-AC24-64F17D22EA0A}.Debug|Any CPU.Build.0 = Debug|Any CPU
		{88395F48-97CB-4864-AC24-64F17D22EA0A}.Release|Any CPU.ActiveCfg = Release|Any CPU
		{88395F48-97CB-4864-AC24-64F17D22EA0A}.Release|Any CPU.Build.0 = Release|Any CPU
		{A48EBA34-E0EF-4F91-8D19-98F0C767CB79}.Debug|Any CPU.ActiveCfg = Debug|Any CPU
		{A48EBA34-E0EF-4F91-8D19-98F0C767CB79}.Debug|Any CPU.Build.0 = Debug|Any CPU
		{A48EBA34-E0EF-4F91-8D19-98F0C767CB79}.Release|Any CPU.ActiveCfg = Release|Any CPU
		{A48EBA34-E0EF-4F91-8D19-98F0C767CB79}.Release|Any CPU.Build.0 = Release|Any CPU
	EndGlobalSection
	GlobalSection(SolutionProperties) = preSolution
		HideSolutionNode = FALSE
	EndGlobalSection
	GlobalSection(ExtensibilityGlobals) = postSolution
		SolutionGuid = {D82CAA22-407B-4DED-9664-DFDB689B1572}
	EndGlobalSection
EndGlobal
